
Microsoft Visual Studio Solution File, Format Version 12.00
# Visual Studio Version 16
VisualStudioVersion = 16.0.31613.86
MinimumVisualStudioVersion = 10.0.40219.1
Project("{FAE04EC0-301F-11D3-BF4B-00C04F79EFBC}") = "laba10", "laba10\laba10.csproj", "{24802C19-11DE-49E5-AA96-FB75C33FF27F}"
EndProject
Global
	GlobalSection(SolutionConfigurationPlatforms) = preSolution
		Debug|Any CPU = Debug|Any CPU
		Release|Any CPU = Release|Any CPU
	EndGlobalSection
	GlobalSection(ProjectConfigurationPlatforms) = postSolution
		{24802C19-11DE-49E5-AA96-FB75C33FF27F}.Debug|Any CPU.ActiveCfg = Debug|Any CPU
		{24802C19-11DE-49E5-AA96-FB75C33FF27F}.Debug|Any CPU.Build.0 = Debug|Any CPU
		{24802C19-11DE-49E5-AA96-FB75C33FF27F}.Release|Any CPU.ActiveCfg = Release|Any CPU
		{24802C19-11DE-49E5-AA96-FB75C33FF27F}.Release|Any CPU.Build.0 = Release|Any CPU
	EndGlobalSection
	GlobalSection(SolutionProperties) = preSolution
		HideSolutionNode = FALSE
	EndGlobalSection
	GlobalSection(ExtensibilityGlobals) = postSolution
		SolutionGuid = {D156447C-A865-4268-9801-C7725F57B3D5}
	EndGlobalSection
EndGlobal
