
Microsoft Visual Studio Solution File, Format Version 12.00
# Visual Studio Version 16
VisualStudioVersion = 16.0.31005.135
MinimumVisualStudioVersion = 10.0.40219.1
Project("{FAE04EC0-301F-11D3-BF4B-00C04F79EFBC}") = "2_labar", "2_labar\2_labar.csproj", "{62097EB5-A1D2-4FDE-B49A-DEF847148AD6}"
EndProject
Global
	GlobalSection(SolutionConfigurationPlatforms) = preSolution
		Debug|Any CPU = Debug|Any CPU
		Release|Any CPU = Release|Any CPU
	EndGlobalSection
	GlobalSection(ProjectConfigurationPlatforms) = postSolution
		{62097EB5-A1D2-4FDE-B49A-DEF847148AD6}.Debug|Any CPU.ActiveCfg = Debug|Any CPU
		{62097EB5-A1D2-4FDE-B49A-DEF847148AD6}.Debug|Any CPU.Build.0 = Debug|Any CPU
		{62097EB5-A1D2-4FDE-B49A-DEF847148AD6}.Release|Any CPU.ActiveCfg = Release|Any CPU
		{62097EB5-A1D2-4FDE-B49A-DEF847148AD6}.Release|Any CPU.Build.0 = Release|Any CPU
	EndGlobalSection
	GlobalSection(SolutionProperties) = preSolution
		HideSolutionNode = FALSE
	EndGlobalSection
	GlobalSection(ExtensibilityGlobals) = postSolution
		SolutionGuid = {B18B585A-A008-4E3F-87BC-140E37597A1A}
	EndGlobalSection
EndGlobal
